
Microsoft Visual Studio Solution File, Format Version 12.00
# Visual Studio Version 16
VisualStudioVersion = 16.0.29519.87
MinimumVisualStudioVersion = 10.0.40219.1
Project("{FAE04EC0-301F-11D3-BF4B-00C04F79EFBC}") = "MyWebSite", "MyWebSite\MyWebSite.csproj", "{BDDC1014-180D-4731-B33E-E5EEB5FE3D81}"
EndProject
Global
	GlobalSection(SolutionConfigurationPlatforms) = preSolution
		Debug|Any CPU = Debug|Any CPU
		Release|Any CPU = Release|Any CPU
	EndGlobalSection
	GlobalSection(ProjectConfigurationPlatforms) = postSolution
		{BDDC1014-180D-4731-B33E-E5EEB5FE3D81}.Debug|Any CPU.ActiveCfg = Debug|Any CPU
		{BDDC1014-180D-4731-B33E-E5EEB5FE3D81}.Debug|Any CPU.Build.0 = Debug|Any CPU
		{BDDC1014-180D-4731-B33E-E5EEB5FE3D81}.Release|Any CPU.ActiveCfg = Release|Any CPU
		{BDDC1014-180D-4731-B33E-E5EEB5FE3D81}.Release|Any CPU.Build.0 = Release|Any CPU
	EndGlobalSection
	GlobalSection(SolutionProperties) = preSolution
		HideSolutionNode = FALSE
	EndGlobalSection
	GlobalSection(ExtensibilityGlobals) = postSolution
		SolutionGuid = {FB0FC0DB-52EE-42BC-A252-6D6398BDACB2}
	EndGlobalSection
EndGlobal
